
Microsoft Visual Studio Solution File, Format Version 12.00
# Visual Studio Version 17
VisualStudioVersion = 17.1.32421.90
MinimumVisualStudioVersion = 10.0.40219.1
Project("{FAE04EC0-301F-11D3-BF4B-00C04F79EFBC}") = "FirstWebApi.Lesson", "FirstWebApi.Lesson\FirstWebApi.Lesson.csproj", "{6704C98C-2864-464D-AAAD-8677CC544BED}"
EndProject
Project("{E53339B2-1760-4266-BCC7-CA923CBCF16C}") = "docker-compose", "docker-compose.dcproj", "{E60860FA-FE74-41C8-86AC-38D4F2F40963}"
EndProject
Global
	GlobalSection(SolutionConfigurationPlatforms) = preSolution
		Debug|Any CPU = Debug|Any CPU
		Release|Any CPU = Release|Any CPU
	EndGlobalSection
	GlobalSection(ProjectConfigurationPlatforms) = postSolution
		{6704C98C-2864-464D-AAAD-8677CC544BED}.Debug|Any CPU.ActiveCfg = Debug|Any CPU
		{6704C98C-2864-464D-AAAD-8677CC544BED}.Debug|Any CPU.Build.0 = Debug|Any CPU
		{6704C98C-2864-464D-AAAD-8677CC544BED}.Release|Any CPU.ActiveCfg = Release|Any CPU
		{6704C98C-2864-464D-AAAD-8677CC544BED}.Release|Any CPU.Build.0 = Release|Any CPU
		{E60860FA-FE74-41C8-86AC-38D4F2F40963}.Debug|Any CPU.ActiveCfg = Debug|Any CPU
		{E60860FA-FE74-41C8-86AC-38D4F2F40963}.Debug|Any CPU.Build.0 = Debug|Any CPU
		{E60860FA-FE74-41C8-86AC-38D4F2F40963}.Release|Any CPU.ActiveCfg = Release|Any CPU
		{E60860FA-FE74-41C8-86AC-38D4F2F40963}.Release|Any CPU.Build.0 = Release|Any CPU
	EndGlobalSection
	GlobalSection(SolutionProperties) = preSolution
		HideSolutionNode = FALSE
	EndGlobalSection
	GlobalSection(ExtensibilityGlobals) = postSolution
		SolutionGuid = {50D749A7-2565-471B-97E3-521798C935E0}
	EndGlobalSection
EndGlobal
